PODS:
  - shared (1.0):
    - YandexMapsMobile (= 4.5.0-lite)
  - YandexMapsMobile (4.5.0-lite)

DEPENDENCIES:
  - shared (from `../shared`)

SPEC REPOS:
  trunk:
    - YandexMapsMobile

EXTERNAL SOURCES:
  shared:
    :path: "../shared"

SPEC CHECKSUMS:
  shared: 334130eac9a6764a21414da3bc7530fbc7e19d0e
  YandexMapsMobile: 905ad1db0933f670e016f1f075f3b0a40ad86ef2

PODFILE CHECKSUM: 78d6cc1b71b232202c48a29d4e6c34972c534c73

COCOAPODS: 1.14.3
