PODS:
  - shared (1.0):
    - YandexMapsMobile (= 4.5.1-lite)
  - YandexMapsMobile (4.5.1-lite)

DEPENDENCIES:
  - shared (from `../shared`)

SPEC REPOS:
  trunk:
    - YandexMapsMobile

EXTERNAL SOURCES:
  shared:
    :path: "../shared"

SPEC CHECKSUMS:
  shared: e6cad3bf25e29e45ce03257157077a5687853111
  YandexMapsMobile: 1d4ab5b441f189756e0a9f94626ff26ae1fc9756

PODFILE CHECKSUM: 78d6cc1b71b232202c48a29d4e6c34972c534c73

COCOAPODS: 1.14.3
